
Microsoft Visual Studio Solution File, Format Version 12.00
Project("{FAE04EC0-301F-11D3-BF4B-00C04F79EFBC}") = "HyBot", "HyBot.csproj", "{265C4F4F-369F-460A-9C3E-DC1866DAE369}"
EndProject
Global
	GlobalSection(SolutionConfigurationPlatforms) = preSolution
		Debug|Any CPU = Debug|Any CPU
		Release|Any CPU = Release|Any CPU
	EndGlobalSection
	GlobalSection(ProjectConfigurationPlatforms) = postSolution
		{265C4F4F-369F-460A-9C3E-DC1866DAE369}.Debug|Any CPU.ActiveCfg = Debug|Any CPU
		{265C4F4F-369F-460A-9C3E-DC1866DAE369}.Debug|Any CPU.Build.0 = Debug|Any CPU
		{265C4F4F-369F-460A-9C3E-DC1866DAE369}.Release|Any CPU.ActiveCfg = Release|Any CPU
		{265C4F4F-369F-460A-9C3E-DC1866DAE369}.Release|Any CPU.Build.0 = Release|Any CPU
	EndGlobalSection
EndGlobal
